
Microsoft Visual Studio Solution File, Format Version 12.00
# Visual Studio 15
VisualStudioVersion = 15.0.26730.12
MinimumVisualStudioVersion = 10.0.40219.1
Project("{8BC9CEB8-8B4A-11D0-8D11-00A0C91BC942}") = "freetype", "freetype\freetype.vcxproj", "{B8E2F766-957C-4A19-B2EA-E0F6F9C5291C}"
EndProject
Project("{8BC9CEB8-8B4A-11D0-8D11-00A0C91BC942}") = "glew", "glew\glew.vcxproj", "{6C3A153E-372C-4B46-BCAF-8D6CC8ECA9D7}"
EndProject
Project("{8BC9CEB8-8B4A-11D0-8D11-00A0C91BC942}") = "json", "json\json.vcxproj", "{0628227B-EE5D-44CD-9E26-9B3C0C164C7E}"
EndProject
Project("{8BC9CEB8-8B4A-11D0-8D11-00A0C91BC942}") = "libfreeimage", "libfreeimage\libfreeimage.vcxproj", "{57C0ECDA-3C9B-44DA-98AC-862186CA19D7}"
EndProject
Project("{8BC9CEB8-8B4A-11D0-8D11-00A0C91BC942}") = "libjpeg", "libjpeg\libjpeg.vcxproj", "{AB6571D3-F672-456F-81D6-604CA93D7DC2}"
EndProject
Project("{8BC9CEB8-8B4A-11D0-8D11-00A0C91BC942}") = "libnoise", "libnoise\libnoise.vcxproj", "{B0174496-30F6-4ECF-9CD1-FB4C0F521FB4}"
EndProject
Project("{8BC9CEB8-8B4A-11D0-8D11-00A0C91BC942}") = "libogg", "libogg\libogg.vcxproj", "{003D41A9-73F5-431F-9D16-B41202AC03B5}"
EndProject
Project("{8BC9CEB8-8B4A-11D0-8D11-00A0C91BC942}") = "libopenal", "libopenal\libopenal.vcxproj", "{7847EDE2-EAD3-46EA-A98A-417DE2D18DDC}"
EndProject
Project("{8BC9CEB8-8B4A-11D0-8D11-00A0C91BC942}") = "libopenjpeg", "libopenjpeg\libopenjpeg.vcxproj", "{1FC6149E-00F0-49B5-9FF0-79A1397E4AA1}"
EndProject
Project("{8BC9CEB8-8B4A-11D0-8D11-00A0C91BC942}") = "libpng", "libpng\libpng.vcxproj", "{CDC68417-9952-4AA7-A32A-71B149230CBB}"
EndProject
Project("{8BC9CEB8-8B4A-11D0-8D11-00A0C91BC942}") = "libpsd", "libpsd\libpsd.vcxproj", "{33CB5360-2E74-455F-9512-EC94DAF25D51}"
EndProject
Project("{8BC9CEB8-8B4A-11D0-8D11-00A0C91BC942}") = "libraw", "libraw\libraw.vcxproj", "{5D30859B-FDCA-4FEC-B51B-639D8ED1A91D}"
EndProject
Project("{8BC9CEB8-8B4A-11D0-8D11-00A0C91BC942}") = "libtheora", "libtheora\libtheora.vcxproj", "{33C68506-EAA4-4127-B82E-F4F7006A2961}"
EndProject
Project("{8BC9CEB8-8B4A-11D0-8D11-00A0C91BC942}") = "libtiff", "libtiff\libtiff.vcxproj", "{C5992A56-4A11-4E6E-B767-182991845E1E}"
EndProject
Project("{8BC9CEB8-8B4A-11D0-8D11-00A0C91BC942}") = "libutp", "libutp\libutp.vcxproj", "{B287C9E4-7DEE-4942-A226-1AD012987587}"
EndProject
Project("{8BC9CEB8-8B4A-11D0-8D11-00A0C91BC942}") = "libvorbis", "libvorbis\libvorbis.vcxproj", "{8137103E-0EDC-4920-92A9-B1022246A634}"
EndProject
Project("{8BC9CEB8-8B4A-11D0-8D11-00A0C91BC942}") = "Loki", "Loki\Loki.vcxproj", "{E94CB3D8-A7C3-4CAD-9535-9FF57026FC14}"
EndProject
Project("{8BC9CEB8-8B4A-11D0-8D11-00A0C91BC942}") = "minizip", "minizip\minizip.vcxproj", "{579025C8-B8D0-4098-A4CD-D82EAB58950B}"
EndProject
Project("{8BC9CEB8-8B4A-11D0-8D11-00A0C91BC942}") = "nvtristrip", "nvtristrip\nvtristrip.vcxproj", "{68463B99-63F6-4A7E-89D9-C27442C7E8E9}"
EndProject
Project("{8BC9CEB8-8B4A-11D0-8D11-00A0C91BC942}") = "openexr", "openexr\openexr.vcxproj", "{E5E0DCD1-BBC2-40EE-BD77-AAB3DE80B177}"
EndProject
Project("{8BC9CEB8-8B4A-11D0-8D11-00A0C91BC942}") = "pugixml", "pugixml\pugixml.vcxproj", "{2FAD615B-EEB9-4B16-9073-A34C58C938BA}"
EndProject
Project("{8BC9CEB8-8B4A-11D0-8D11-00A0C91BC942}") = "rapidxml", "rapidxml\rapidxml.vcxproj", "{2320F9D5-0343-4957-8EC4-0DC836EC24DA}"
EndProject
Project("{8BC9CEB8-8B4A-11D0-8D11-00A0C91BC942}") = "udt", "udt\udt.vcxproj", "{44A0A801-3971-4BFC-8B8D-E640F7664E37}"
EndProject
Project("{8BC9CEB8-8B4A-11D0-8D11-00A0C91BC942}") = "zlib", "zlib\zlib.vcxproj", "{46A46DF8-0874-42A0-A965-5D225734B245}"
EndProject
Project("{8BC9CEB8-8B4A-11D0-8D11-00A0C91BC942}") = "rijndael", "rijndael\rijndael.vcxproj", "{FF878D0B-3673-461D-941A-B163317667EF}"
EndProject
Project("{8BC9CEB8-8B4A-11D0-8D11-00A0C91BC942}") = "re2", "re2\re2.vcxproj", "{E93C94EE-749E-4047-86E9-EEFF7ABD2C77}"
EndProject
Project("{8BC9CEB8-8B4A-11D0-8D11-00A0C91BC942}") = "utfcvt", "utfcvt\utfcvt.vcxproj", "{3533E4C2-746D-4F3B-8DFC-F8F5C511DD7E}"
EndProject
Global
	GlobalSection(SolutionConfigurationPlatforms) = preSolution
		Debug|x64 = Debug|x64
		Debug|x86 = Debug|x86
		Release|x64 = Release|x64
		Release|x86 = Release|x86
	EndGlobalSection
	GlobalSection(ProjectConfigurationPlatforms) = postSolution
		{B8E2F766-957C-4A19-B2EA-E0F6F9C5291C}.Debug|x64.ActiveCfg = Debug|x64
		{B8E2F766-957C-4A19-B2EA-E0F6F9C5291C}.Debug|x64.Build.0 = Debug|x64
		{B8E2F766-957C-4A19-B2EA-E0F6F9C5291C}.Debug|x86.ActiveCfg = Debug|Win32
		{B8E2F766-957C-4A19-B2EA-E0F6F9C5291C}.Debug|x86.Build.0 = Debug|Win32
		{B8E2F766-957C-4A19-B2EA-E0F6F9C5291C}.Release|x64.ActiveCfg = Release|x64
		{B8E2F766-957C-4A19-B2EA-E0F6F9C5291C}.Release|x64.Build.0 = Release|x64
		{B8E2F766-957C-4A19-B2EA-E0F6F9C5291C}.Release|x86.ActiveCfg = Release|Win32
		{B8E2F766-957C-4A19-B2EA-E0F6F9C5291C}.Release|x86.Build.0 = Release|Win32
		{6C3A153E-372C-4B46-BCAF-8D6CC8ECA9D7}.Debug|x64.ActiveCfg = Debug|x64
		{6C3A153E-372C-4B46-BCAF-8D6CC8ECA9D7}.Debug|x64.Build.0 = Debug|x64
		{6C3A153E-372C-4B46-BCAF-8D6CC8ECA9D7}.Debug|x86.ActiveCfg = Debug|Win32
		{6C3A153E-372C-4B46-BCAF-8D6CC8ECA9D7}.Debug|x86.Build.0 = Debug|Win32
		{6C3A153E-372C-4B46-BCAF-8D6CC8ECA9D7}.Release|x64.ActiveCfg = Release|x64
		{6C3A153E-372C-4B46-BCAF-8D6CC8ECA9D7}.Release|x64.Build.0 = Release|x64
		{6C3A153E-372C-4B46-BCAF-8D6CC8ECA9D7}.Release|x86.ActiveCfg = Release|Win32
		{6C3A153E-372C-4B46-BCAF-8D6CC8ECA9D7}.Release|x86.Build.0 = Release|Win32
		{0628227B-EE5D-44CD-9E26-9B3C0C164C7E}.Debug|x64.ActiveCfg = Debug|x64
		{0628227B-EE5D-44CD-9E26-9B3C0C164C7E}.Debug|x64.Build.0 = Debug|x64
		{0628227B-EE5D-44CD-9E26-9B3C0C164C7E}.Debug|x86.ActiveCfg = Debug|Win32
		{0628227B-EE5D-44CD-9E26-9B3C0C164C7E}.Debug|x86.Build.0 = Debug|Win32
		{0628227B-EE5D-44CD-9E26-9B3C0C164C7E}.Release|x64.ActiveCfg = Release|x64
		{0628227B-EE5D-44CD-9E26-9B3C0C164C7E}.Release|x64.Build.0 = Release|x64
		{0628227B-EE5D-44CD-9E26-9B3C0C164C7E}.Release|x86.ActiveCfg = Release|Win32
		{0628227B-EE5D-44CD-9E26-9B3C0C164C7E}.Release|x86.Build.0 = Release|Win32
		{57C0ECDA-3C9B-44DA-98AC-862186CA19D7}.Debug|x64.ActiveCfg = Debug|x64
		{57C0ECDA-3C9B-44DA-98AC-862186CA19D7}.Debug|x64.Build.0 = Debug|x64
		{57C0ECDA-3C9B-44DA-98AC-862186CA19D7}.Debug|x86.ActiveCfg = Debug|Win32
		{57C0ECDA-3C9B-44DA-98AC-862186CA19D7}.Debug|x86.Build.0 = Debug|Win32
		{57C0ECDA-3C9B-44DA-98AC-862186CA19D7}.Release|x64.ActiveCfg = Release|x64
		{57C0ECDA-3C9B-44DA-98AC-862186CA19D7}.Release|x64.Build.0 = Release|x64
		{57C0ECDA-3C9B-44DA-98AC-862186CA19D7}.Release|x86.ActiveCfg = Release|Win32
		{57C0ECDA-3C9B-44DA-98AC-862186CA19D7}.Release|x86.Build.0 = Release|Win32
		{AB6571D3-F672-456F-81D6-604CA93D7DC2}.Debug|x64.ActiveCfg = Debug|x64
		{AB6571D3-F672-456F-81D6-604CA93D7DC2}.Debug|x64.Build.0 = Debug|x64
		{AB6571D3-F672-456F-81D6-604CA93D7DC2}.Debug|x86.ActiveCfg = Debug|Win32
		{AB6571D3-F672-456F-81D6-604CA93D7DC2}.Debug|x86.Build.0 = Debug|Win32
		{AB6571D3-F672-456F-81D6-604CA93D7DC2}.Release|x64.ActiveCfg = Release|x64
		{AB6571D3-F672-456F-81D6-604CA93D7DC2}.Release|x64.Build.0 = Release|x64
		{AB6571D3-F672-456F-81D6-604CA93D7DC2}.Release|x86.ActiveCfg = Release|Win32
		{AB6571D3-F672-456F-81D6-604CA93D7DC2}.Release|x86.Build.0 = Release|Win32
		{B0174496-30F6-4ECF-9CD1-FB4C0F521FB4}.Debug|x64.ActiveCfg = Debug|x64
		{B0174496-30F6-4ECF-9CD1-FB4C0F521FB4}.Debug|x64.Build.0 = Debug|x64
		{B0174496-30F6-4ECF-9CD1-FB4C0F521FB4}.Debug|x86.ActiveCfg = Debug|Win32
		{B0174496-30F6-4ECF-9CD1-FB4C0F521FB4}.Debug|x86.Build.0 = Debug|Win32
		{B0174496-30F6-4ECF-9CD1-FB4C0F521FB4}.Release|x64.ActiveCfg = Release|x64
		{B0174496-30F6-4ECF-9CD1-FB4C0F521FB4}.Release|x64.Build.0 = Release|x64
		{B0174496-30F6-4ECF-9CD1-FB4C0F521FB4}.Release|x86.ActiveCfg = Release|Win32
		{B0174496-30F6-4ECF-9CD1-FB4C0F521FB4}.Release|x86.Build.0 = Release|Win32
		{003D41A9-73F5-431F-9D16-B41202AC03B5}.Debug|x64.ActiveCfg = Debug|x64
		{003D41A9-73F5-431F-9D16-B41202AC03B5}.Debug|x64.Build.0 = Debug|x64
		{003D41A9-73F5-431F-9D16-B41202AC03B5}.Debug|x86.ActiveCfg = Debug|Win32
		{003D41A9-73F5-431F-9D16-B41202AC03B5}.Debug|x86.Build.0 = Debug|Win32
		{003D41A9-73F5-431F-9D16-B41202AC03B5}.Release|x64.ActiveCfg = Release|x64
		{003D41A9-73F5-431F-9D16-B41202AC03B5}.Release|x64.Build.0 = Release|x64
		{003D41A9-73F5-431F-9D16-B41202AC03B5}.Release|x86.ActiveCfg = Release|Win32
		{003D41A9-73F5-431F-9D16-B41202AC03B5}.Release|x86.Build.0 = Release|Win32
		{7847EDE2-EAD3-46EA-A98A-417DE2D18DDC}.Debug|x64.ActiveCfg = Debug|x64
		{7847EDE2-EAD3-46EA-A98A-417DE2D18DDC}.Debug|x64.Build.0 = Debug|x64
		{7847EDE2-EAD3-46EA-A98A-417DE2D18DDC}.Debug|x86.ActiveCfg = Debug|Win32
		{7847EDE2-EAD3-46EA-A98A-417DE2D18DDC}.Debug|x86.Build.0 = Debug|Win32
		{7847EDE2-EAD3-46EA-A98A-417DE2D18DDC}.Release|x64.ActiveCfg = Release|x64
		{7847EDE2-EAD3-46EA-A98A-417DE2D18DDC}.Release|x64.Build.0 = Release|x64
		{7847EDE2-EAD3-46EA-A98A-417DE2D18DDC}.Release|x86.ActiveCfg = Release|Win32
		{7847EDE2-EAD3-46EA-A98A-417DE2D18DDC}.Release|x86.Build.0 = Release|Win32
		{1FC6149E-00F0-49B5-9FF0-79A1397E4AA1}.Debug|x64.ActiveCfg = Debug|x64
		{1FC6149E-00F0-49B5-9FF0-79A1397E4AA1}.Debug|x64.Build.0 = Debug|x64
		{1FC6149E-00F0-49B5-9FF0-79A1397E4AA1}.Debug|x86.ActiveCfg = Debug|Win32
		{1FC6149E-00F0-49B5-9FF0-79A1397E4AA1}.Debug|x86.Build.0 = Debug|Win32
		{1FC6149E-00F0-49B5-9FF0-79A1397E4AA1}.Release|x64.ActiveCfg = Release|x64
		{1FC6149E-00F0-49B5-9FF0-79A1397E4AA1}.Release|x64.Build.0 = Release|x64
		{1FC6149E-00F0-49B5-9FF0-79A1397E4AA1}.Release|x86.ActiveCfg = Release|Win32
		{1FC6149E-00F0-49B5-9FF0-79A1397E4AA1}.Release|x86.Build.0 = Release|Win32
		{CDC68417-9952-4AA7-A32A-71B149230CBB}.Debug|x64.ActiveCfg = Debug|x64
		{CDC68417-9952-4AA7-A32A-71B149230CBB}.Debug|x64.Build.0 = Debug|x64
		{CDC68417-9952-4AA7-A32A-71B149230CBB}.Debug|x86.ActiveCfg = Debug|Win32
		{CDC68417-9952-4AA7-A32A-71B149230CBB}.Debug|x86.Build.0 = Debug|Win32
		{CDC68417-9952-4AA7-A32A-71B149230CBB}.Release|x64.ActiveCfg = Release|x64
		{CDC68417-9952-4AA7-A32A-71B149230CBB}.Release|x64.Build.0 = Release|x64
		{CDC68417-9952-4AA7-A32A-71B149230CBB}.Release|x86.ActiveCfg = Release|Win32
		{CDC68417-9952-4AA7-A32A-71B149230CBB}.Release|x86.Build.0 = Release|Win32
		{33CB5360-2E74-455F-9512-EC94DAF25D51}.Debug|x64.ActiveCfg = Debug|x64
		{33CB5360-2E74-455F-9512-EC94DAF25D51}.Debug|x64.Build.0 = Debug|x64
		{33CB5360-2E74-455F-9512-EC94DAF25D51}.Debug|x86.ActiveCfg = Debug|Win32
		{33CB5360-2E74-455F-9512-EC94DAF25D51}.Debug|x86.Build.0 = Debug|Win32
		{33CB5360-2E74-455F-9512-EC94DAF25D51}.Release|x64.ActiveCfg = Release|x64
		{33CB5360-2E74-455F-9512-EC94DAF25D51}.Release|x64.Build.0 = Release|x64
		{33CB5360-2E74-455F-9512-EC94DAF25D51}.Release|x86.ActiveCfg = Release|Win32
		{33CB5360-2E74-455F-9512-EC94DAF25D51}.Release|x86.Build.0 = Release|Win32
		{5D30859B-FDCA-4FEC-B51B-639D8ED1A91D}.Debug|x64.ActiveCfg = Debug|x64
		{5D30859B-FDCA-4FEC-B51B-639D8ED1A91D}.Debug|x64.Build.0 = Debug|x64
		{5D30859B-FDCA-4FEC-B51B-639D8ED1A91D}.Debug|x86.ActiveCfg = Debug|Win32
		{5D30859B-FDCA-4FEC-B51B-639D8ED1A91D}.Debug|x86.Build.0 = Debug|Win32
		{5D30859B-FDCA-4FEC-B51B-639D8ED1A91D}.Release|x64.ActiveCfg = Release|x64
		{5D30859B-FDCA-4FEC-B51B-639D8ED1A91D}.Release|x64.Build.0 = Release|x64
		{5D30859B-FDCA-4FEC-B51B-639D8ED1A91D}.Release|x86.ActiveCfg = Release|Win32
		{5D30859B-FDCA-4FEC-B51B-639D8ED1A91D}.Release|x86.Build.0 = Release|Win32
		{33C68506-EAA4-4127-B82E-F4F7006A2961}.Debug|x64.ActiveCfg = Debug|x64
		{33C68506-EAA4-4127-B82E-F4F7006A2961}.Debug|x64.Build.0 = Debug|x64
		{33C68506-EAA4-4127-B82E-F4F7006A2961}.Debug|x86.ActiveCfg = Debug|Win32
		{33C68506-EAA4-4127-B82E-F4F7006A2961}.Debug|x86.Build.0 = Debug|Win32
		{33C68506-EAA4-4127-B82E-F4F7006A2961}.Release|x64.ActiveCfg = Release|x64
		{33C68506-EAA4-4127-B82E-F4F7006A2961}.Release|x64.Build.0 = Release|x64
		{33C68506-EAA4-4127-B82E-F4F7006A2961}.Release|x86.ActiveCfg = Release|Win32
		{33C68506-EAA4-4127-B82E-F4F7006A2961}.Release|x86.Build.0 = Release|Win32
		{C5992A56-4A11-4E6E-B767-182991845E1E}.Debug|x64.ActiveCfg = Debug|x64
		{C5992A56-4A11-4E6E-B767-182991845E1E}.Debug|x64.Build.0 = Debug|x64
		{C5992A56-4A11-4E6E-B767-182991845E1E}.Debug|x86.ActiveCfg = Debug|Win32
		{C5992A56-4A11-4E6E-B767-182991845E1E}.Debug|x86.Build.0 = Debug|Win32
		{C5992A56-4A11-4E6E-B767-182991845E1E}.Release|x64.ActiveCfg = Release|x64
		{C5992A56-4A11-4E6E-B767-182991845E1E}.Release|x64.Build.0 = Release|x64
		{C5992A56-4A11-4E6E-B767-182991845E1E}.Release|x86.ActiveCfg = Release|Win32
		{C5992A56-4A11-4E6E-B767-182991845E1E}.Release|x86.Build.0 = Release|Win32
		{B287C9E4-7DEE-4942-A226-1AD012987587}.Debug|x64.ActiveCfg = Debug|x64
		{B287C9E4-7DEE-4942-A226-1AD012987587}.Debug|x64.Build.0 = Debug|x64
		{B287C9E4-7DEE-4942-A226-1AD012987587}.Debug|x86.ActiveCfg = Debug|Win32
		{B287C9E4-7DEE-4942-A226-1AD012987587}.Debug|x86.Build.0 = Debug|Win32
		{B287C9E4-7DEE-4942-A226-1AD012987587}.Release|x64.ActiveCfg = Release|x64
		{B287C9E4-7DEE-4942-A226-1AD012987587}.Release|x64.Build.0 = Release|x64
		{B287C9E4-7DEE-4942-A226-1AD012987587}.Release|x86.ActiveCfg = Release|Win32
		{B287C9E4-7DEE-4942-A226-1AD012987587}.Release|x86.Build.0 = Release|Win32
		{8137103E-0EDC-4920-92A9-B1022246A634}.Debug|x64.ActiveCfg = Debug|x64
		{8137103E-0EDC-4920-92A9-B1022246A634}.Debug|x64.Build.0 = Debug|x64
		{8137103E-0EDC-4920-92A9-B1022246A634}.Debug|x86.ActiveCfg = Debug|Win32
		{8137103E-0EDC-4920-92A9-B1022246A634}.Debug|x86.Build.0 = Debug|Win32
		{8137103E-0EDC-4920-92A9-B1022246A634}.Release|x64.ActiveCfg = Release|x64
		{8137103E-0EDC-4920-92A9-B1022246A634}.Release|x64.Build.0 = Release|x64
		{8137103E-0EDC-4920-92A9-B1022246A634}.Release|x86.ActiveCfg = Release|Win32
		{8137103E-0EDC-4920-92A9-B1022246A634}.Release|x86.Build.0 = Release|Win32
		{E94CB3D8-A7C3-4CAD-9535-9FF57026FC14}.Debug|x64.ActiveCfg = Debug|x64
		{E94CB3D8-A7C3-4CAD-9535-9FF57026FC14}.Debug|x64.Build.0 = Debug|x64
		{E94CB3D8-A7C3-4CAD-9535-9FF57026FC14}.Debug|x86.ActiveCfg = Debug|Win32
		{E94CB3D8-A7C3-4CAD-9535-9FF57026FC14}.Debug|x86.Build.0 = Debug|Win32
		{E94CB3D8-A7C3-4CAD-9535-9FF57026FC14}.Release|x64.ActiveCfg = Release|x64
		{E94CB3D8-A7C3-4CAD-9535-9FF57026FC14}.Release|x64.Build.0 = Release|x64
		{E94CB3D8-A7C3-4CAD-9535-9FF57026FC14}.Release|x86.ActiveCfg = Release|Win32
		{E94CB3D8-A7C3-4CAD-9535-9FF57026FC14}.Release|x86.Build.0 = Release|Win32
		{579025C8-B8D0-4098-A4CD-D82EAB58950B}.Debug|x64.ActiveCfg = Debug|x64
		{579025C8-B8D0-4098-A4CD-D82EAB58950B}.Debug|x64.Build.0 = Debug|x64
		{579025C8-B8D0-4098-A4CD-D82EAB58950B}.Debug|x86.ActiveCfg = Debug|Win32
		{579025C8-B8D0-4098-A4CD-D82EAB58950B}.Debug|x86.Build.0 = Debug|Win32
		{579025C8-B8D0-4098-A4CD-D82EAB58950B}.Release|x64.ActiveCfg = Release|x64
		{579025C8-B8D0-4098-A4CD-D82EAB58950B}.Release|x64.Build.0 = Release|x64
		{579025C8-B8D0-4098-A4CD-D82EAB58950B}.Release|x86.ActiveCfg = Release|Win32
		{579025C8-B8D0-4098-A4CD-D82EAB58950B}.Release|x86.Build.0 = Release|Win32
		{68463B99-63F6-4A7E-89D9-C27442C7E8E9}.Debug|x64.ActiveCfg = Debug|x64
		{68463B99-63F6-4A7E-89D9-C27442C7E8E9}.Debug|x64.Build.0 = Debug|x64
		{68463B99-63F6-4A7E-89D9-C27442C7E8E9}.Debug|x86.ActiveCfg = Debug|Win32
		{68463B99-63F6-4A7E-89D9-C27442C7E8E9}.Debug|x86.Build.0 = Debug|Win32
		{68463B99-63F6-4A7E-89D9-C27442C7E8E9}.Release|x64.ActiveCfg = Release|x64
		{68463B99-63F6-4A7E-89D9-C27442C7E8E9}.Release|x64.Build.0 = Release|x64
		{68463B99-63F6-4A7E-89D9-C27442C7E8E9}.Release|x86.ActiveCfg = Release|Win32
		{68463B99-63F6-4A7E-89D9-C27442C7E8E9}.Release|x86.Build.0 = Release|Win32
		{E5E0DCD1-BBC2-40EE-BD77-AAB3DE80B177}.Debug|x64.ActiveCfg = Debug|x64
		{E5E0DCD1-BBC2-40EE-BD77-AAB3DE80B177}.Debug|x64.Build.0 = Debug|x64
		{E5E0DCD1-BBC2-40EE-BD77-AAB3DE80B177}.Debug|x86.ActiveCfg = Debug|Win32
		{E5E0DCD1-BBC2-40EE-BD77-AAB3DE80B177}.Debug|x86.Build.0 = Debug|Win32
		{E5E0DCD1-BBC2-40EE-BD77-AAB3DE80B177}.Release|x64.ActiveCfg = Release|x64
		{E5E0DCD1-BBC2-40EE-BD77-AAB3DE80B177}.Release|x64.Build.0 = Release|x64
		{E5E0DCD1-BBC2-40EE-BD77-AAB3DE80B177}.Release|x86.ActiveCfg = Release|Win32
		{E5E0DCD1-BBC2-40EE-BD77-AAB3DE80B177}.Release|x86.Build.0 = Release|Win32
		{2FAD615B-EEB9-4B16-9073-A34C58C938BA}.Debug|x64.ActiveCfg = Debug|Win32
		{2FAD615B-EEB9-4B16-9073-A34C58C938BA}.Debug|x86.ActiveCfg = Debug|Win32
		{2FAD615B-EEB9-4B16-9073-A34C58C938BA}.Debug|x86.Build.0 = Debug|Win32
		{2FAD615B-EEB9-4B16-9073-A34C58C938BA}.Release|x64.ActiveCfg = Release|Win32
		{2FAD615B-EEB9-4B16-9073-A34C58C938BA}.Release|x86.ActiveCfg = Release|Win32
		{2FAD615B-EEB9-4B16-9073-A34C58C938BA}.Release|x86.Build.0 = Release|Win32
		{2320F9D5-0343-4957-8EC4-0DC836EC24DA}.Debug|x64.ActiveCfg = Debug|x64
		{2320F9D5-0343-4957-8EC4-0DC836EC24DA}.Debug|x64.Build.0 = Debug|x64
		{2320F9D5-0343-4957-8EC4-0DC836EC24DA}.Debug|x86.ActiveCfg = Debug|Win32
		{2320F9D5-0343-4957-8EC4-0DC836EC24DA}.Debug|x86.Build.0 = Debug|Win32
		{2320F9D5-0343-4957-8EC4-0DC836EC24DA}.Release|x64.ActiveCfg = Release|x64
		{2320F9D5-0343-4957-8EC4-0DC836EC24DA}.Release|x64.Build.0 = Release|x64
		{2320F9D5-0343-4957-8EC4-0DC836EC24DA}.Release|x86.ActiveCfg = Release|Win32
		{2320F9D5-0343-4957-8EC4-0DC836EC24DA}.Release|x86.Build.0 = Release|Win32
		{44A0A801-3971-4BFC-8B8D-E640F7664E37}.Debug|x64.ActiveCfg = Debug|x64
		{44A0A801-3971-4BFC-8B8D-E640F7664E37}.Debug|x64.Build.0 = Debug|x64
		{44A0A801-3971-4BFC-8B8D-E640F7664E37}.Debug|x86.ActiveCfg = Debug|Win32
		{44A0A801-3971-4BFC-8B8D-E640F7664E37}.Debug|x86.Build.0 = Debug|Win32
		{44A0A801-3971-4BFC-8B8D-E640F7664E37}.Release|x64.ActiveCfg = Release|x64
		{44A0A801-3971-4BFC-8B8D-E640F7664E37}.Release|x64.Build.0 = Release|x64
		{44A0A801-3971-4BFC-8B8D-E640F7664E37}.Release|x86.ActiveCfg = Release|Win32
		{44A0A801-3971-4BFC-8B8D-E640F7664E37}.Release|x86.Build.0 = Release|Win32
		{46A46DF8-0874-42A0-A965-5D225734B245}.Debug|x64.ActiveCfg = Debug|x64
		{46A46DF8-0874-42A0-A965-5D225734B245}.Debug|x64.Build.0 = Debug|x64
		{46A46DF8-0874-42A0-A965-5D225734B245}.Debug|x86.ActiveCfg = Debug|Win32
		{46A46DF8-0874-42A0-A965-5D225734B245}.Debug|x86.Build.0 = Debug|Win32
		{46A46DF8-0874-42A0-A965-5D225734B245}.Release|x64.ActiveCfg = Release|x64
		{46A46DF8-0874-42A0-A965-5D225734B245}.Release|x64.Build.0 = Release|x64
		{46A46DF8-0874-42A0-A965-5D225734B245}.Release|x86.ActiveCfg = Release|Win32
		{46A46DF8-0874-42A0-A965-5D225734B245}.Release|x86.Build.0 = Release|Win32
		{FF878D0B-3673-461D-941A-B163317667EF}.Debug|x64.ActiveCfg = Debug|x64
		{FF878D0B-3673-461D-941A-B163317667EF}.Debug|x64.Build.0 = Debug|x64
		{FF878D0B-3673-461D-941A-B163317667EF}.Debug|x86.ActiveCfg = Debug|Win32
		{FF878D0B-3673-461D-941A-B163317667EF}.Debug|x86.Build.0 = Debug|Win32
		{FF878D0B-3673-461D-941A-B163317667EF}.Release|x64.ActiveCfg = Release|x64
		{FF878D0B-3673-461D-941A-B163317667EF}.Release|x64.Build.0 = Release|x64
		{FF878D0B-3673-461D-941A-B163317667EF}.Release|x86.ActiveCfg = Release|Win32
		{FF878D0B-3673-461D-941A-B163317667EF}.Release|x86.Build.0 = Release|Win32
		{E93C94EE-749E-4047-86E9-EEFF7ABD2C77}.Debug|x64.ActiveCfg = Debug|Win32
		{E93C94EE-749E-4047-86E9-EEFF7ABD2C77}.Debug|x86.ActiveCfg = Debug|Win32
		{E93C94EE-749E-4047-86E9-EEFF7ABD2C77}.Debug|x86.Build.0 = Debug|Win32
		{E93C94EE-749E-4047-86E9-EEFF7ABD2C77}.Release|x64.ActiveCfg = Release|Win32
		{E93C94EE-749E-4047-86E9-EEFF7ABD2C77}.Release|x86.ActiveCfg = Release|Win32
		{E93C94EE-749E-4047-86E9-EEFF7ABD2C77}.Release|x86.Build.0 = Release|Win32
		{3533E4C2-746D-4F3B-8DFC-F8F5C511DD7E}.Debug|x64.ActiveCfg = Debug|x64
		{3533E4C2-746D-4F3B-8DFC-F8F5C511DD7E}.Debug|x64.Build.0 = Debug|x64
		{3533E4C2-746D-4F3B-8DFC-F8F5C511DD7E}.Debug|x86.ActiveCfg = Debug|Win32
		{3533E4C2-746D-4F3B-8DFC-F8F5C511DD7E}.Debug|x86.Build.0 = Debug|Win32
		{3533E4C2-746D-4F3B-8DFC-F8F5C511DD7E}.Release|x64.ActiveCfg = Release|x64
		{3533E4C2-746D-4F3B-8DFC-F8F5C511DD7E}.Release|x64.Build.0 = Release|x64
		{3533E4C2-746D-4F3B-8DFC-F8F5C511DD7E}.Release|x86.ActiveCfg = Release|Win32
		{3533E4C2-746D-4F3B-8DFC-F8F5C511DD7E}.Release|x86.Build.0 = Release|Win32
	EndGlobalSection
	GlobalSection(SolutionProperties) = preSolution
		HideSolutionNode = FALSE
	EndGlobalSection
	GlobalSection(ExtensibilityGlobals) = postSolution
		SolutionGuid = {DA4F4EE3-BED6-4D8D-BBBB-A9347D308FD9}
	EndGlobalSection
EndGlobal
