<?xml version="1.0" encoding="utf-8"?>
<Project ToolsVersion="4.0" xmlns="http://schemas.microsoft.com/developer/msbuild/2003">
  <ItemGroup>
    <ClCompile Include="stdafx.cpp" />
    <ClCompile Include="src\FreeImage\BitmapAccess.cpp">
      <Filter>src\FreeImage</Filter>
    </ClCompile>
    <ClCompile Include="src\FreeImage\CacheFile.cpp">
      <Filter>src\FreeImage</Filter>
    </ClCompile>
    <ClCompile Include="src\FreeImage\ColorLookup.cpp">
      <Filter>src\FreeImage</Filter>
    </ClCompile>
    <ClCompile Include="src\FreeImage\Conversion.cpp">
      <Filter>src\FreeImage</Filter>
    </ClCompile>
    <ClCompile Include="src\FreeImage\Conversion4.cpp">
      <Filter>src\FreeImage</Filter>
    </ClCompile>
    <ClCompile Include="src\FreeImage\Conversion8.cpp">
      <Filter>src\FreeImage</Filter>
    </ClCompile>
    <ClCompile Include="src\FreeImage\Conversion16_555.cpp">
      <Filter>src\FreeImage</Filter>
    </ClCompile>
    <ClCompile Include="src\FreeImage\Conversion16_565.cpp">
      <Filter>src\FreeImage</Filter>
    </ClCompile>
    <ClCompile Include="src\FreeImage\Conversion24.cpp">
      <Filter>src\FreeImage</Filter>
    </ClCompile>
    <ClCompile Include="src\FreeImage\Conversion32.cpp">
      <Filter>src\FreeImage</Filter>
    </ClCompile>
    <ClCompile Include="src\FreeImage\ConversionFloat.cpp">
      <Filter>src\FreeImage</Filter>
    </ClCompile>
    <ClCompile Include="src\FreeImage\ConversionRGB16.cpp">
      <Filter>src\FreeImage</Filter>
    </ClCompile>
    <ClCompile Include="src\FreeImage\ConversionRGBF.cpp">
      <Filter>src\FreeImage</Filter>
    </ClCompile>
    <ClCompile Include="src\FreeImage\ConversionType.cpp">
      <Filter>src\FreeImage</Filter>
    </ClCompile>
    <ClCompile Include="src\FreeImage\ConversionUINT16.cpp">
      <Filter>src\FreeImage</Filter>
    </ClCompile>
    <ClCompile Include="src\FreeImage\FreeImage.cpp">
      <Filter>src\FreeImage</Filter>
    </ClCompile>
    <ClCompile Include="src\FreeImage\FreeImageC.c">
      <Filter>src\FreeImage</Filter>
    </ClCompile>
    <ClCompile Include="src\FreeImage\FreeImageIO.cpp">
      <Filter>src\FreeImage</Filter>
    </ClCompile>
    <ClCompile Include="src\FreeImage\GetType.cpp">
      <Filter>src\FreeImage</Filter>
    </ClCompile>
    <ClCompile Include="src\FreeImage\Halftoning.cpp">
      <Filter>src\FreeImage</Filter>
    </ClCompile>
    <ClCompile Include="src\FreeImage\J2KHelper.cpp">
      <Filter>src\FreeImage</Filter>
    </ClCompile>
    <ClCompile Include="src\FreeImage\MemoryIO.cpp">
      <Filter>src\FreeImage</Filter>
    </ClCompile>
    <ClCompile Include="src\FreeImage\MNGHelper.cpp">
      <Filter>src\FreeImage</Filter>
    </ClCompile>
    <ClCompile Include="src\FreeImage\MultiPage.cpp">
      <Filter>src\FreeImage</Filter>
    </ClCompile>
    <ClCompile Include="src\FreeImage\NNQuantizer.cpp">
      <Filter>src\FreeImage</Filter>
    </ClCompile>
    <ClCompile Include="src\FreeImage\PixelAccess.cpp">
      <Filter>src\FreeImage</Filter>
    </ClCompile>
    <ClCompile Include="src\FreeImage\Plugin.cpp">
      <Filter>src\FreeImage</Filter>
    </ClCompile>
    <ClCompile Include="src\FreeImage\PluginBMP.cpp">
      <Filter>src\FreeImage</Filter>
    </ClCompile>
    <ClCompile Include="src\FreeImage\PluginCUT.cpp">
      <Filter>src\FreeImage</Filter>
    </ClCompile>
    <ClCompile Include="src\FreeImage\PluginDDS.cpp">
      <Filter>src\FreeImage</Filter>
    </ClCompile>
    <ClCompile Include="src\FreeImage\PluginEXR.cpp">
      <Filter>src\FreeImage</Filter>
    </ClCompile>
    <ClCompile Include="src\FreeImage\PluginG3.cpp">
      <Filter>src\FreeImage</Filter>
    </ClCompile>
    <ClCompile Include="src\FreeImage\PluginGIF.cpp">
      <Filter>src\FreeImage</Filter>
    </ClCompile>
    <ClCompile Include="src\FreeImage\PluginHDR.cpp">
      <Filter>src\FreeImage</Filter>
    </ClCompile>
    <ClCompile Include="src\FreeImage\PluginICO.cpp">
      <Filter>src\FreeImage</Filter>
    </ClCompile>
    <ClCompile Include="src\FreeImage\PluginIFF.cpp">
      <Filter>src\FreeImage</Filter>
    </ClCompile>
    <ClCompile Include="src\FreeImage\PluginJ2K.cpp">
      <Filter>src\FreeImage</Filter>
    </ClCompile>
    <ClCompile Include="src\FreeImage\PluginJNG.cpp">
      <Filter>src\FreeImage</Filter>
    </ClCompile>
    <ClCompile Include="src\FreeImage\PluginJP2.cpp">
      <Filter>src\FreeImage</Filter>
    </ClCompile>
    <ClCompile Include="src\FreeImage\PluginJPEG.cpp">
      <Filter>src\FreeImage</Filter>
    </ClCompile>
    <ClCompile Include="src\FreeImage\PluginKOALA.cpp">
      <Filter>src\FreeImage</Filter>
    </ClCompile>
    <ClCompile Include="src\FreeImage\PluginMNG.cpp">
      <Filter>src\FreeImage</Filter>
    </ClCompile>
    <ClCompile Include="src\FreeImage\PluginPCD.cpp">
      <Filter>src\FreeImage</Filter>
    </ClCompile>
    <ClCompile Include="src\FreeImage\PluginPCX.cpp">
      <Filter>src\FreeImage</Filter>
    </ClCompile>
    <ClCompile Include="src\FreeImage\PluginPFM.cpp">
      <Filter>src\FreeImage</Filter>
    </ClCompile>
    <ClCompile Include="src\FreeImage\PluginPICT.cpp">
      <Filter>src\FreeImage</Filter>
    </ClCompile>
    <ClCompile Include="src\FreeImage\PluginPNG.cpp">
      <Filter>src\FreeImage</Filter>
    </ClCompile>
    <ClCompile Include="src\FreeImage\PluginPNM.cpp">
      <Filter>src\FreeImage</Filter>
    </ClCompile>
    <ClCompile Include="src\FreeImage\PluginPSD.cpp">
      <Filter>src\FreeImage</Filter>
    </ClCompile>
    <ClCompile Include="src\FreeImage\PluginRAS.cpp">
      <Filter>src\FreeImage</Filter>
    </ClCompile>
    <ClCompile Include="src\FreeImage\PluginRAW.cpp">
      <Filter>src\FreeImage</Filter>
    </ClCompile>
    <ClCompile Include="src\FreeImage\PluginSGI.cpp">
      <Filter>src\FreeImage</Filter>
    </ClCompile>
    <ClCompile Include="src\FreeImage\PluginTARGA.cpp">
      <Filter>src\FreeImage</Filter>
    </ClCompile>
    <ClCompile Include="src\FreeImage\PluginTIFF.cpp">
      <Filter>src\FreeImage</Filter>
    </ClCompile>
    <ClCompile Include="src\FreeImage\PluginWBMP.cpp">
      <Filter>src\FreeImage</Filter>
    </ClCompile>
    <ClCompile Include="src\FreeImage\PluginXBM.cpp">
      <Filter>src\FreeImage</Filter>
    </ClCompile>
    <ClCompile Include="src\FreeImage\PluginXPM.cpp">
      <Filter>src\FreeImage</Filter>
    </ClCompile>
    <ClCompile Include="src\FreeImage\PSDParser.cpp">
      <Filter>src\FreeImage</Filter>
    </ClCompile>
    <ClCompile Include="src\FreeImage\TIFFLogLuv.cpp">
      <Filter>src\FreeImage</Filter>
    </ClCompile>
    <ClCompile Include="src\FreeImage\tmoColorConvert.cpp">
      <Filter>src\FreeImage</Filter>
    </ClCompile>
    <ClCompile Include="src\FreeImage\tmoDrago03.cpp">
      <Filter>src\FreeImage</Filter>
    </ClCompile>
    <ClCompile Include="src\FreeImage\tmoFattal02.cpp">
      <Filter>src\FreeImage</Filter>
    </ClCompile>
    <ClCompile Include="src\FreeImage\tmoReinhard05.cpp">
      <Filter>src\FreeImage</Filter>
    </ClCompile>
    <ClCompile Include="src\FreeImage\ToneMapping.cpp">
      <Filter>src\FreeImage</Filter>
    </ClCompile>
    <ClCompile Include="src\FreeImage\WuQuantizer.cpp">
      <Filter>src\FreeImage</Filter>
    </ClCompile>
    <ClCompile Include="src\FreeImage\ZLibInterface.cpp">
      <Filter>src\FreeImage</Filter>
    </ClCompile>
    <ClCompile Include="src\Metadata\Exif.cpp">
      <Filter>src\Metadata</Filter>
    </ClCompile>
    <ClCompile Include="src\Metadata\FIRational.cpp">
      <Filter>src\Metadata</Filter>
    </ClCompile>
    <ClCompile Include="src\Metadata\FreeImageTag.cpp">
      <Filter>src\Metadata</Filter>
    </ClCompile>
    <ClCompile Include="src\Metadata\IPTC.cpp">
      <Filter>src\Metadata</Filter>
    </ClCompile>
    <ClCompile Include="src\Metadata\TagConversion.cpp">
      <Filter>src\Metadata</Filter>
    </ClCompile>
    <ClCompile Include="src\Metadata\TagLib.cpp">
      <Filter>src\Metadata</Filter>
    </ClCompile>
    <ClCompile Include="src\Metadata\XTIFF.cpp">
      <Filter>src\Metadata</Filter>
    </ClCompile>
    <ClCompile Include="src\FreeImageToolkit\Background.cpp">
      <Filter>src\FreeImageToolkit</Filter>
    </ClCompile>
    <ClCompile Include="src\FreeImageToolkit\BSplineRotate.cpp">
      <Filter>src\FreeImageToolkit</Filter>
    </ClCompile>
    <ClCompile Include="src\FreeImageToolkit\Channels.cpp">
      <Filter>src\FreeImageToolkit</Filter>
    </ClCompile>
    <ClCompile Include="src\FreeImageToolkit\ClassicRotate.cpp">
      <Filter>src\FreeImageToolkit</Filter>
    </ClCompile>
    <ClCompile Include="src\FreeImageToolkit\Colors.cpp">
      <Filter>src\FreeImageToolkit</Filter>
    </ClCompile>
    <ClCompile Include="src\FreeImageToolkit\CopyPaste.cpp">
      <Filter>src\FreeImageToolkit</Filter>
    </ClCompile>
    <ClCompile Include="src\FreeImageToolkit\Display.cpp">
      <Filter>src\FreeImageToolkit</Filter>
    </ClCompile>
    <ClCompile Include="src\FreeImageToolkit\Flip.cpp">
      <Filter>src\FreeImageToolkit</Filter>
    </ClCompile>
    <ClCompile Include="src\FreeImageToolkit\JPEGTransform.cpp">
      <Filter>src\FreeImageToolkit</Filter>
    </ClCompile>
    <ClCompile Include="src\FreeImageToolkit\MultigridPoissonSolver.cpp">
      <Filter>src\FreeImageToolkit</Filter>
    </ClCompile>
    <ClCompile Include="src\FreeImageToolkit\Rescale.cpp">
      <Filter>src\FreeImageToolkit</Filter>
    </ClCompile>
    <ClCompile Include="src\FreeImageToolkit\Resize.cpp">
      <Filter>src\FreeImageToolkit</Filter>
    </ClCompile>
  </ItemGroup>
  <ItemGroup>
    <ClInclude Include="libfreeimage.h" />
    <ClInclude Include="library.include.h" />
    <ClInclude Include="stdafx.h" />
    <ClInclude Include="src\FreeImage\PSDParser.h">
      <Filter>src\FreeImage</Filter>
    </ClInclude>
    <ClInclude Include="src\CacheFile.h">
      <Filter>src</Filter>
    </ClInclude>
    <ClInclude Include="src\FreeImage.h">
      <Filter>src</Filter>
    </ClInclude>
    <ClInclude Include="src\FreeImageIO.h">
      <Filter>src</Filter>
    </ClInclude>
    <ClInclude Include="src\Plugin.h">
      <Filter>src</Filter>
    </ClInclude>
    <ClInclude Include="src\Quantizers.h">
      <Filter>src</Filter>
    </ClInclude>
    <ClInclude Include="src\ToneMapping.h">
      <Filter>src</Filter>
    </ClInclude>
    <ClInclude Include="src\Utilities.h">
      <Filter>src</Filter>
    </ClInclude>
    <ClInclude Include="src\Metadata\FIRational.h">
      <Filter>src\Metadata</Filter>
    </ClInclude>
    <ClInclude Include="src\Metadata\FreeImageTag.h">
      <Filter>src\Metadata</Filter>
    </ClInclude>
    <ClInclude Include="src\FreeImageToolkit\Filters.h">
      <Filter>src\FreeImageToolkit</Filter>
    </ClInclude>
    <ClInclude Include="src\FreeImageToolkit\Resize.h">
      <Filter>src\FreeImageToolkit</Filter>
    </ClInclude>
  </ItemGroup>
  <ItemGroup>
    <Filter Include="src">
      <UniqueIdentifier>{d394058e-0b3f-4854-9b3a-2a8665fddf85}</UniqueIdentifier>
    </Filter>
    <Filter Include="src\FreeImage">
      <UniqueIdentifier>{222521a9-dbd6-43f1-bee7-16c1ffa5a203}</UniqueIdentifier>
    </Filter>
    <Filter Include="src\Metadata">
      <UniqueIdentifier>{b929f7b1-65ed-4a4e-b789-88a674ccd222}</UniqueIdentifier>
    </Filter>
    <Filter Include="src\FreeImageToolkit">
      <UniqueIdentifier>{fe8e4d5b-68c4-41c2-8a90-4ca5951787f1}</UniqueIdentifier>
    </Filter>
  </ItemGroup>
</Project>